<?xml version="1.0" encoding="utf-8"?>
<Project ToolsVersion="4.0" xmlns="http://schemas.microsoft.com/developer/msbuild/2003">
  <ItemGroup>
    <Filter Include="Source Files">
      <UniqueIdentifier>{4FC737F1-C7A5-4376-A066-2A32D752A2FF}</UniqueIdentifier>
      <Extensions>cpp;c;cc;cxx;c++;cppm;ixx;def;odl;idl;hpj;bat;asm;asmx</Extensions>
    </Filter>
    <Filter Include="Header Files">
      <UniqueIdentifier>{93995380-89BD-4b04-88EB-625FBE52EBFB}</UniqueIdentifier>
      <Extensions>h;hh;hpp;hxx;h++;hm;inl;inc;ipp;xsd</Extensions>
    </Filter>
    <Filter Include="Resource Files">
      <UniqueIdentifier>{67DA6AB6-F800-4c08-8B7A-83BB121AAD01}</UniqueIdentifier>
      <Extensions>rc;ico;cur;bmp;dlg;rc2;rct;bin;rgs;gif;jpg;jpeg;jpe;resx;tiff;tif;png;wav;mfcribbon-ms</Extensions>
    </Filter>
  </ItemGroup>
  <ItemGroup>
    <ClCompile Include="source\exe_main.cpp">
      <Filter>Source Files</Filter>
    </ClCompile>
    <ClCompile Include="source\sdk\memory\process_impl.cpp">
      <Filter>Source Files</Filter>
    </ClCompile>
    <ClCompile Include="source\sdk\file\file_search.cpp">
      <Filter>Source Files</Filter>
    </ClCompile>
    <ClCompile Include="source\sdk\file\file_type.cpp">
      <Filter>Source Files</Filter>
    </ClCompile>
    <ClCompile Include="source\core\loader\injectables.cpp">
      <Filter>Source Files</Filter>
    </ClCompile>
    <ClCompile Include="source\core\loader\injection.cpp">
      <Filter>Source Files</Filter>
    </ClCompile>
    <ClCompile Include="source\core\network\session.cpp">
      <Filter>Source Files</Filter>
    </ClCompile>
    <ClCompile Include="external\imgui-docking\imgui.cpp">
      <Filter>Source Files</Filter>
    </ClCompile>
    <ClCompile Include="external\imgui-docking\backends\imgui_impl_dx9.cpp">
      <Filter>Source Files</Filter>
    </ClCompile>
    <ClCompile Include="external\imgui-docking\backends\imgui_impl_win32.cpp">
      <Filter>Source Files</Filter>
    </ClCompile>
    <ClCompile Include="external\imgui-docking\imgui_draw.cpp">
      <Filter>Source Files</Filter>
    </ClCompile>
    <ClCompile Include="external\imgui-docking\imgui_tables.cpp">
      <Filter>Source Files</Filter>
    </ClCompile>
    <ClCompile Include="external\imgui-docking\imgui_widgets.cpp">
      <Filter>Source Files</Filter>
    </ClCompile>
    <ClCompile Include="external\imgui-docking\imgui_demo.cpp">
      <Filter>Source Files</Filter>
    </ClCompile>
    <ClCompile Include="source\core\gui\window.cpp">
      <Filter>Source Files</Filter>
    </ClCompile>
    <ClCompile Include="source\sdk\utils\time.cpp">
      <Filter>Source Files</Filter>
    </ClCompile>
    <ClCompile Include="source\core\gui\view\login.cpp">
      <Filter>Source Files</Filter>
    </ClCompile>
    <ClCompile Include="source\sdk\gui\controls\input.cpp">
      <Filter>Source Files</Filter>
    </ClCompile>
    <ClCompile Include="source\sdk\gui\controls\button.cpp">
      <Filter>Source Files</Filter>
    </ClCompile>
    <ClCompile Include="source\sdk\gui\status_bar.cpp">
      <Filter>Source Files</Filter>
    </ClCompile>
    <ClCompile Include="source\core\gui\view\panel.cpp">
      <Filter>Source Files</Filter>
    </ClCompile>
  </ItemGroup>
  <ItemGroup>
    <ClInclude Include="source\sdk\_include\common.h">
      <Filter>Header Files</Filter>
    </ClInclude>
    <ClInclude Include="source\sdk\_include\sdk.h">
      <Filter>Header Files</Filter>
    </ClInclude>
    <ClInclude Include="source\sdk\memory\process_impl.h">
      <Filter>Header Files</Filter>
    </ClInclude>
    <ClInclude Include="source\sdk\file\file_search.h">
      <Filter>Header Files</Filter>
    </ClInclude>
    <ClInclude Include="source\sdk\file\file_type.h">
      <Filter>Header Files</Filter>
    </ClInclude>
    <ClInclude Include="source\core\loader\injectables.h">
      <Filter>Header Files</Filter>
    </ClInclude>
    <ClInclude Include="source\sdk\_include\singleton.h">
      <Filter>Header Files</Filter>
    </ClInclude>
    <ClInclude Include="source\core\loader\injection.h">
      <Filter>Header Files</Filter>
    </ClInclude>
    <ClInclude Include="source\core\gui\window_view.h">
      <Filter>Header Files</Filter>
    </ClInclude>
    <ClInclude Include="source\core\gui\view\login.h">
      <Filter>Header Files</Filter>
    </ClInclude>
    <ClInclude Include="source\core\gui\view\panel.h">
      <Filter>Header Files</Filter>
    </ClInclude>
    <ClInclude Include="external\imgui-docking\imgui.h">
      <Filter>Header Files</Filter>
    </ClInclude>
    <ClInclude Include="external\imgui-docking\imconfig.h">
      <Filter>Header Files</Filter>
    </ClInclude>
    <ClInclude Include="external\imgui-docking\imgui_internal.h">
      <Filter>Header Files</Filter>
    </ClInclude>
    <ClInclude Include="external\imgui-docking\imstb_rectpack.h">
      <Filter>Header Files</Filter>
    </ClInclude>
    <ClInclude Include="external\imgui-docking\backends\imgui_impl_dx9.h">
      <Filter>Header Files</Filter>
    </ClInclude>
    <ClInclude Include="external\imgui-docking\backends\imgui_impl_win32.h">
      <Filter>Header Files</Filter>
    </ClInclude>
    <ClInclude Include="external\imgui-docking\imstb_textedit.h">
      <Filter>Header Files</Filter>
    </ClInclude>
    <ClInclude Include="external\imgui-docking\imstb_truetype.h">
      <Filter>Header Files</Filter>
    </ClInclude>
    <ClInclude Include="source\core\gui\window.h">
      <Filter>Header Files</Filter>
    </ClInclude>
    <ClInclude Include="source\sdk\utils\time.h">
      <Filter>Header Files</Filter>
    </ClInclude>
    <ClInclude Include="source\sdk\gui\view.h">
      <Filter>Header Files</Filter>
    </ClInclude>
    <ClInclude Include="source\sdk\utils\enum_file.h">
      <Filter>Header Files</Filter>
    </ClInclude>
    <ClInclude Include="source\sdk\gui\fonts.h">
      <Filter>Header Files</Filter>
    </ClInclude>
    <ClInclude Include="source\sdk\gui\controls\input.h">
      <Filter>Header Files</Filter>
    </ClInclude>
    <ClInclude Include="source\sdk\gui\controls\button.h">
      <Filter>Header Files</Filter>
    </ClInclude>
    <ClInclude Include="source\sdk\gui\status_bar.h">
      <Filter>Header Files</Filter>
    </ClInclude>
  </ItemGroup>
  <ItemGroup>
    <Text Include="external\imgui-docking\LICENSE.txt" />
  </ItemGroup>
</Project>